{
  "name": "backbone-youtube",
  "version": "1.0.0",
  "lockfileVersion": 2,
  "requires": true,
  "packages": {
    "": {
      "name": "backbone-youtube",
      "version": "1.0.0",
      "license": "ISC",
      "dependencies": {
        "backbone": "^1.4.0",
        "backbone-list-controller": "^1.0.0",
        "bootstrap": "^5.1.3",
        "handlebars": "^4.7.7",
        "jquery": "^3.6.0",
        "underscore": "^1.13.2"
      }
    },
    "node_modules/@popperjs/core": {
      "version": "2.11.2",
      "resolved": "https://registry.npmjs.org/@popperjs/core/-/core-2.11.2.tgz",
      "integrity": "sha512-92FRmppjjqz29VMJ2dn+xdyXZBrMlE42AV6Kq6BwjWV7CNUW1hs2FtxSNLQE+gJhaZ6AAmYuO9y8dshhcBl7vA==",
      "peer": true,
      "funding": {
        "type": "opencollective",
        "url": "https://opencollective.com/popperjs"
      }
    },
    "node_modules/backbone": {
      "version": "1.4.0",
      "resolved": "https://registry.npmjs.org/backbone/-/backbone-1.4.0.tgz",
      "integrity": "sha512-RLmDrRXkVdouTg38jcgHhyQ/2zjg7a8E6sz2zxfz21Hh17xDJYUHBZimVIt5fUyS8vbfpeSmTL3gUjTEvUV3qQ==",
      "dependencies": {
        "underscore": ">=1.8.3"
      }
    },
    "node_modules/backbone-dropdown": {
      "version": "1.0.0",
      "resolved": "https://registry.npmjs.org/backbone-dropdown/-/backbone-dropdown-1.0.0.tgz",
      "integrity": "sha1-vbR+jBElzajNWmLUbIpMTEA3ctA=",
      "dependencies": {
        "backbone": "0.9.10",
        "basic-buttons": "^1.0.0",
        "jquery": "^2.1.4",
        "underscore": "^1.8.3"
      }
    },
    "node_modules/backbone-dropdown/node_modules/backbone": {
      "version": "0.9.10",
      "resolved": "https://registry.npmjs.org/backbone/-/backbone-0.9.10.tgz",
      "integrity": "sha1-ErhBwpwSpV7zfVgoA6D3+zUJT4o=",
      "dependencies": {
        "underscore": ">=1.4.3"
      }
    },
    "node_modules/backbone-dropdown/node_modules/jquery": {
      "version": "2.2.4",
      "resolved": "https://registry.npmjs.org/jquery/-/jquery-2.2.4.tgz",
      "integrity": "sha1-LInWiJterFIqfuoywUUhVZxsvwI="
    },
    "node_modules/backbone-list-controller": {
      "version": "1.0.0",
      "resolved": "https://registry.npmjs.org/backbone-list-controller/-/backbone-list-controller-1.0.0.tgz",
      "integrity": "sha1-0sNWsrTTayvHL5BGXQ7rviPyjwA=",
      "dependencies": {
        "backbone": "0.9.10",
        "backbone-dropdown": "^1.0.0",
        "backbone-modal": "^1.0.0",
        "basic-buttons": "^1.0.0",
        "jquery": "^2.1.4",
        "kjantzer-backbone-subviews": "^0.3.1",
        "underscore": "^1.8.3"
      }
    },
    "node_modules/backbone-list-controller/node_modules/backbone": {
      "version": "0.9.10",
      "resolved": "https://registry.npmjs.org/backbone/-/backbone-0.9.10.tgz",
      "integrity": "sha1-ErhBwpwSpV7zfVgoA6D3+zUJT4o=",
      "dependencies": {
        "underscore": ">=1.4.3"
      }
    },
    "node_modules/backbone-list-controller/node_modules/jquery": {
      "version": "2.2.4",
      "resolved": "https://registry.npmjs.org/jquery/-/jquery-2.2.4.tgz",
      "integrity": "sha1-LInWiJterFIqfuoywUUhVZxsvwI="
    },
    "node_modules/backbone-modal": {
      "version": "1.1.2",
      "resolved": "https://registry.npmjs.org/backbone-modal/-/backbone-modal-1.1.2.tgz",
      "integrity": "sha512-UAulu0qN1vOF+Q2RfM4ptYRvj+niFvqAOMt2U44WYWgPAxYoSfdf9/2Xk5OFiUuDzc+QmIEu4gyHQKT/VTh/zg==",
      "dependencies": {
        "backbone": ">=0.9.10",
        "basic-buttons": "^1.2.0",
        "jquery": "^3.3.1",
        "spin.js": "2.3.2",
        "underscore": "^1.8.3"
      }
    },
    "node_modules/basic-buttons": {
      "version": "1.2.0",
      "resolved": "https://registry.npmjs.org/basic-buttons/-/basic-buttons-1.2.0.tgz",
      "integrity": "sha512-BPyhnp+rvSKHYUB00aNEJ7QTOhDfRwJn/4N/yH/DPM7KfsBlZyIQqBPBe5W108yoNSVQ8XYTtBpkFxk3Z2nrLg=="
    },
    "node_modules/bootstrap": {
      "version": "5.1.3",
      "resolved": "https://registry.npmjs.org/bootstrap/-/bootstrap-5.1.3.tgz",
      "integrity": "sha512-fcQztozJ8jToQWXxVuEyXWW+dSo8AiXWKwiSSrKWsRB/Qt+Ewwza+JWoLKiTuQLaEPhdNAJ7+Dosc9DOIqNy7Q==",
      "funding": {
        "type": "opencollective",
        "url": "https://opencollective.com/bootstrap"
      },
      "peerDependencies": {
        "@popperjs/core": "^2.10.2"
      }
    },
    "node_modules/handlebars": {
      "version": "4.7.7",
      "resolved": "https://registry.npmjs.org/handlebars/-/handlebars-4.7.7.tgz",
      "integrity": "sha512-aAcXm5OAfE/8IXkcZvCepKU3VzW1/39Fb5ZuqMtgI/hT8X2YgoMvBY5dLhq/cpOvw7Lk1nK/UF71aLG/ZnVYRA==",
      "dependencies": {
        "minimist": "^1.2.5",
        "neo-async": "^2.6.0",
        "source-map": "^0.6.1",
        "wordwrap": "^1.0.0"
      },
      "bin": {
        "handlebars": "bin/handlebars"
      },
      "engines": {
        "node": ">=0.4.7"
      },
      "optionalDependencies": {
        "uglify-js": "^3.1.4"
      }
    },
    "node_modules/jquery": {
      "version": "3.6.0",
      "resolved": "https://registry.npmjs.org/jquery/-/jquery-3.6.0.tgz",
      "integrity": "sha512-JVzAR/AjBvVt2BmYhxRCSYysDsPcssdmTFnzyLEts9qNwmjmu4JTAMYubEfwVOSwpQ1I1sKKFcxhZCI2buerfw=="
    },
    "node_modules/kjantzer-backbone-subviews": {
      "version": "0.3.1",
      "resolved": "https://registry.npmjs.org/kjantzer-backbone-subviews/-/kjantzer-backbone-subviews-0.3.1.tgz",
      "integrity": "sha1-h3byu472qVx0/uxLGlL6/TIltms="
    },
    "node_modules/minimist": {
      "version": "1.2.5",
      "resolved": "https://registry.npmjs.org/minimist/-/minimist-1.2.5.tgz",
      "integrity": "sha512-FM9nNUYrRBAELZQT3xeZQ7fmMOBg6nWNmJKTcgsJeaLstP/UODVpGsr5OhXhhXg6f+qtJ8uiZ+PUxkDWcgIXLw=="
    },
    "node_modules/neo-async": {
      "version": "2.6.2",
      "resolved": "https://registry.npmjs.org/neo-async/-/neo-async-2.6.2.tgz",
      "integrity": "sha512-Yd3UES5mWCSqR+qNT93S3UoYUkqAZ9lLg8a7g9rimsWmYGK8cVToA4/sF3RrshdyV3sAGMXVUmpMYOw+dLpOuw=="
    },
    "node_modules/source-map": {
      "version": "0.6.1",
      "resolved": "https://registry.npmjs.org/source-map/-/source-map-0.6.1.tgz",
      "integrity": "sha512-UjgapumWlbMhkBgzT7Ykc5YXUT46F0iKu8SGXq0bcwP5dz/h0Plj6enJqjz1Zbq2l5WaqYnrVbwWOWMyF3F47g==",
      "engines": {
        "node": ">=0.10.0"
      }
    },
    "node_modules/spin.js": {
      "version": "2.3.2",
      "resolved": "https://registry.npmjs.org/spin.js/-/spin.js-2.3.2.tgz",
      "integrity": "sha1-bKpW1SBnNFD9XPvGlx5tB3LDeho="
    },
    "node_modules/uglify-js": {
      "version": "3.15.1",
      "resolved": "https://registry.npmjs.org/uglify-js/-/uglify-js-3.15.1.tgz",
      "integrity": "sha512-FAGKF12fWdkpvNJZENacOH0e/83eG6JyVQyanIJaBXCN1J11TUQv1T1/z8S+Z0CG0ZPk1nPcreF/c7lrTd0TEQ==",
      "optional": true,
      "bin": {
        "uglifyjs": "bin/uglifyjs"
      },
      "engines": {
        "node": ">=0.8.0"
      }
    },
    "node_modules/underscore": {
      "version": "1.13.2",
      "resolved": "https://registry.npmjs.org/underscore/-/underscore-1.13.2.tgz",
      "integrity": "sha512-ekY1NhRzq0B08g4bGuX4wd2jZx5GnKz6mKSqFL4nqBlfyMGiG10gDFhDTMEfYmDL6Jy0FUIZp7wiRB+0BP7J2g=="
    },
    "node_modules/wordwrap": {
      "version": "1.0.0",
      "resolved": "https://registry.npmjs.org/wordwrap/-/wordwrap-1.0.0.tgz",
      "integrity": "sha1-J1hIEIkUVqQXHI0CJkQa3pDLyus="
    }
  },
  "dependencies": {
    "@popperjs/core": {
      "version": "2.11.2",
      "resolved": "https://registry.npmjs.org/@popperjs/core/-/core-2.11.2.tgz",
      "integrity": "sha512-92FRmppjjqz29VMJ2dn+xdyXZBrMlE42AV6Kq6BwjWV7CNUW1hs2FtxSNLQE+gJhaZ6AAmYuO9y8dshhcBl7vA==",
      "peer": true
    },
    "backbone": {
      "version": "1.4.0",
      "resolved": "https://registry.npmjs.org/backbone/-/backbone-1.4.0.tgz",
      "integrity": "sha512-RLmDrRXkVdouTg38jcgHhyQ/2zjg7a8E6sz2zxfz21Hh17xDJYUHBZimVIt5fUyS8vbfpeSmTL3gUjTEvUV3qQ==",
      "requires": {
        "underscore": ">=1.8.3"
      }
    },
    "backbone-dropdown": {
      "version": "1.0.0",
      "resolved": "https://registry.npmjs.org/backbone-dropdown/-/backbone-dropdown-1.0.0.tgz",
      "integrity": "sha1-vbR+jBElzajNWmLUbIpMTEA3ctA=",
      "requires": {
        "backbone": "0.9.10",
        "basic-buttons": "^1.0.0",
        "jquery": "^2.1.4",
        "underscore": "^1.8.3"
      },
      "dependencies": {
        "backbone": {
          "version": "0.9.10",
          "resolved": "https://registry.npmjs.org/backbone/-/backbone-0.9.10.tgz",
          "integrity": "sha1-ErhBwpwSpV7zfVgoA6D3+zUJT4o=",
          "requires": {
            "underscore": ">=1.4.3"
          }
        },
        "jquery": {
          "version": "2.2.4",
          "resolved": "https://registry.npmjs.org/jquery/-/jquery-2.2.4.tgz",
          "integrity": "sha1-LInWiJterFIqfuoywUUhVZxsvwI="
        }
      }
    },
    "backbone-list-controller": {
      "version": "1.0.0",
      "resolved": "https://registry.npmjs.org/backbone-list-controller/-/backbone-list-controller-1.0.0.tgz",
      "integrity": "sha1-0sNWsrTTayvHL5BGXQ7rviPyjwA=",
      "requires": {
        "backbone": "0.9.10",
        "backbone-dropdown": "^1.0.0",
        "backbone-modal": "^1.0.0",
        "basic-buttons": "^1.0.0",
        "jquery": "^2.1.4",
        "kjantzer-backbone-subviews": "^0.3.1",
        "underscore": "^1.8.3"
      },
      "dependencies": {
        "backbone": {
          "version": "0.9.10",
          "resolved": "https://registry.npmjs.org/backbone/-/backbone-0.9.10.tgz",
          "integrity": "sha1-ErhBwpwSpV7zfVgoA6D3+zUJT4o=",
          "requires": {
            "underscore": ">=1.4.3"
          }
        },
        "jquery": {
          "version": "2.2.4",
          "resolved": "https://registry.npmjs.org/jquery/-/jquery-2.2.4.tgz",
          "integrity": "sha1-LInWiJterFIqfuoywUUhVZxsvwI="
        }
      }
    },
    "backbone-modal": {
      "version": "1.1.2",
      "resolved": "https://registry.npmjs.org/backbone-modal/-/backbone-modal-1.1.2.tgz",
      "integrity": "sha512-UAulu0qN1vOF+Q2RfM4ptYRvj+niFvqAOMt2U44WYWgPAxYoSfdf9/2Xk5OFiUuDzc+QmIEu4gyHQKT/VTh/zg==",
      "requires": {
        "backbone": ">=0.9.10",
        "basic-buttons": "^1.2.0",
        "jquery": "^3.3.1",
        "spin.js": "2.3.2",
        "underscore": "^1.8.3"
      }
    },
    "basic-buttons": {
      "version": "1.2.0",
      "resolved": "https://registry.npmjs.org/basic-buttons/-/basic-buttons-1.2.0.tgz",
      "integrity": "sha512-BPyhnp+rvSKHYUB00aNEJ7QTOhDfRwJn/4N/yH/DPM7KfsBlZyIQqBPBe5W108yoNSVQ8XYTtBpkFxk3Z2nrLg=="
    },
    "bootstrap": {
      "version": "5.1.3",
      "resolved": "https://registry.npmjs.org/bootstrap/-/bootstrap-5.1.3.tgz",
      "integrity": "sha512-fcQztozJ8jToQWXxVuEyXWW+dSo8AiXWKwiSSrKWsRB/Qt+Ewwza+JWoLKiTuQLaEPhdNAJ7+Dosc9DOIqNy7Q==",
      "requires": {}
    },
    "handlebars": {
      "version": "4.7.7",
      "resolved": "https://registry.npmjs.org/handlebars/-/handlebars-4.7.7.tgz",
      "integrity": "sha512-aAcXm5OAfE/8IXkcZvCepKU3VzW1/39Fb5ZuqMtgI/hT8X2YgoMvBY5dLhq/cpOvw7Lk1nK/UF71aLG/ZnVYRA==",
      "requires": {
        "minimist": "^1.2.5",
        "neo-async": "^2.6.0",
        "source-map": "^0.6.1",
        "uglify-js": "^3.1.4",
        "wordwrap": "^1.0.0"
      }
    },
    "jquery": {
      "version": "3.6.0",
      "resolved": "https://registry.npmjs.org/jquery/-/jquery-3.6.0.tgz",
      "integrity": "sha512-JVzAR/AjBvVt2BmYhxRCSYysDsPcssdmTFnzyLEts9qNwmjmu4JTAMYubEfwVOSwpQ1I1sKKFcxhZCI2buerfw=="
    },
    "kjantzer-backbone-subviews": {
      "version": "0.3.1",
      "resolved": "https://registry.npmjs.org/kjantzer-backbone-subviews/-/kjantzer-backbone-subviews-0.3.1.tgz",
      "integrity": "sha1-h3byu472qVx0/uxLGlL6/TIltms="
    },
    "minimist": {
      "version": "1.2.5",
      "resolved": "https://registry.npmjs.org/minimist/-/minimist-1.2.5.tgz",
      "integrity": "sha512-FM9nNUYrRBAELZQT3xeZQ7fmMOBg6nWNmJKTcgsJeaLstP/UODVpGsr5OhXhhXg6f+qtJ8uiZ+PUxkDWcgIXLw=="
    },
    "neo-async": {
      "version": "2.6.2",
      "resolved": "https://registry.npmjs.org/neo-async/-/neo-async-2.6.2.tgz",
      "integrity": "sha512-Yd3UES5mWCSqR+qNT93S3UoYUkqAZ9lLg8a7g9rimsWmYGK8cVToA4/sF3RrshdyV3sAGMXVUmpMYOw+dLpOuw=="
    },
    "source-map": {
      "version": "0.6.1",
      "resolved": "https://registry.npmjs.org/source-map/-/source-map-0.6.1.tgz",
      "integrity": "sha512-UjgapumWlbMhkBgzT7Ykc5YXUT46F0iKu8SGXq0bcwP5dz/h0Plj6enJqjz1Zbq2l5WaqYnrVbwWOWMyF3F47g=="
    },
    "spin.js": {
      "version": "2.3.2",
      "resolved": "https://registry.npmjs.org/spin.js/-/spin.js-2.3.2.tgz",
      "integrity": "sha1-bKpW1SBnNFD9XPvGlx5tB3LDeho="
    },
    "uglify-js": {
      "version": "3.15.1",
      "resolved": "https://registry.npmjs.org/uglify-js/-/uglify-js-3.15.1.tgz",
      "integrity": "sha512-FAGKF12fWdkpvNJZENacOH0e/83eG6JyVQyanIJaBXCN1J11TUQv1T1/z8S+Z0CG0ZPk1nPcreF/c7lrTd0TEQ==",
      "optional": true
    },
    "underscore": {
      "version": "1.13.2",
      "resolved": "https://registry.npmjs.org/underscore/-/underscore-1.13.2.tgz",
      "integrity": "sha512-ekY1NhRzq0B08g4bGuX4wd2jZx5GnKz6mKSqFL4nqBlfyMGiG10gDFhDTMEfYmDL6Jy0FUIZp7wiRB+0BP7J2g=="
    },
    "wordwrap": {
      "version": "1.0.0",
      "resolved": "https://registry.npmjs.org/wordwrap/-/wordwrap-1.0.0.tgz",
      "integrity": "sha1-J1hIEIkUVqQXHI0CJkQa3pDLyus="
    }
  }
}
